{
    "name": "dhruti-portfolio",
    "version": "1.0.0",
    "lockfileVersion": 3,
    "requires": true,
    "packages": {
        "": {
            "name": "dhruti-portfolio",
            "version": "1.0.0",
            "devDependencies": {
                "tailwindcss": "^3.4.17"
            }
        }
    }
}